github.com/google/go-cmp v0.4.1 h1:/exdXoGamhu5ONeUJH0deniYLWYvQwW66yvlfiiKTu0=
github.com/sethvargo/go-envconfig v0.6.0 h1:GxxdoeiNpWgGiVEphNFNObgMYRN/ZvI2dN7rBwadyss=
github.com/sethvargo/go-envconfig v0.6.0/go.mod h1:00S1FAhRUuTNJazWBWcJGvEHOM+NO6DhoRMAOX7FY5o=
github.com/sethvargo/go-githubactions v1.0.0 h1:5mYGPNxIwIXaS8MLj4uYGWM8QM8giUVqA4FuSYOZjXE=
github.com/sethvargo/go-githubactions v1.0.0/go.mod h1:UaidDD1ENTLXzTtj/4MnYjY40/5WLijgn2O8KBsdv7o=
